
Microsoft Visual Studio Solution File, Format Version 12.00
# Visual Studio Version 17
VisualStudioVersion = 17.1.32210.238
MinimumVisualStudioVersion = 10.0.40219.1
Project("{FAE04EC0-301F-11D3-BF4B-00C04F79EFBC}") = "Finerd.Api", "Finerd.Api\Finerd.Api.csproj", "{0056303E-8531-4B8C-953D-6D707416E6E7}"
EndProject
Global
	GlobalSection(SolutionConfigurationPlatforms) = preSolution
		Debug|Any CPU = Debug|Any CPU
		Release|Any CPU = Release|Any CPU
	EndGlobalSection
	GlobalSection(ProjectConfigurationPlatforms) = postSolution
		{0056303E-8531-4B8C-953D-6D707416E6E7}.Debug|Any CPU.ActiveCfg = Debug|Any CPU
		{0056303E-8531-4B8C-953D-6D707416E6E7}.Debug|Any CPU.Build.0 = Debug|Any CPU
		{0056303E-8531-4B8C-953D-6D707416E6E7}.Release|Any CPU.ActiveCfg = Release|Any CPU
		{0056303E-8531-4B8C-953D-6D707416E6E7}.Release|Any CPU.Build.0 = Release|Any CPU
	EndGlobalSection
	GlobalSection(SolutionProperties) = preSolution
		HideSolutionNode = FALSE
	EndGlobalSection
	GlobalSection(ExtensibilityGlobals) = postSolution
		SolutionGuid = {CF283A15-6C01-494F-9086-40CD929E3C4F}
	EndGlobalSection
EndGlobal
